
Microsoft Visual Studio Solution File, Format Version 12.00
# Visual Studio Version 17
VisualStudioVersion = 17.0.31717.71
MinimumVisualStudioVersion = 10.0.40219.1
Project("{9A19103F-16F7-4668-BE54-9A1E7A4F7556}") = "WebWithAutofacAndJwt.Entity", "WebWithAutofacAndJwt.Entity\WebWithAutofacAndJwt.Entity.csproj", "{CFEA16BA-DCEA-409F-BF53-3B3DD8480FE4}"
EndProject
Project("{9A19103F-16F7-4668-BE54-9A1E7A4F7556}") = "WebWithAutofacAndJwt.Migrations", "WebWithAutofacAndJwt.Migrations\WebWithAutofacAndJwt.Migrations.csproj", "{412734E7-9B08-422D-89BC-651EEDA24215}"
EndProject
Project("{9A19103F-16F7-4668-BE54-9A1E7A4F7556}") = "WebWithAutofacAndJwt.Util", "WebWithAutofacAndJwt.Util\WebWithAutofacAndJwt.Util.csproj", "{74E558E9-0720-4AB4-8523-12AC9026360E}"
EndProject
Project("{9A19103F-16F7-4668-BE54-9A1E7A4F7556}") = "WebWithAutofacAndJwt.Web", "WebWithAutofacAndJwt.Web\WebWithAutofacAndJwt.Web.csproj", "{228F795A-4638-46B3-976B-86472FE8A305}"
EndProject
Global
	GlobalSection(SolutionConfigurationPlatforms) = preSolution
		Debug|Any CPU = Debug|Any CPU
		Release|Any CPU = Release|Any CPU
	EndGlobalSection
	GlobalSection(ProjectConfigurationPlatforms) = postSolution
		{CFEA16BA-DCEA-409F-BF53-3B3DD8480FE4}.Debug|Any CPU.ActiveCfg = Debug|Any CPU
		{CFEA16BA-DCEA-409F-BF53-3B3DD8480FE4}.Debug|Any CPU.Build.0 = Debug|Any CPU
		{CFEA16BA-DCEA-409F-BF53-3B3DD8480FE4}.Release|Any CPU.ActiveCfg = Release|Any CPU
		{CFEA16BA-DCEA-409F-BF53-3B3DD8480FE4}.Release|Any CPU.Build.0 = Release|Any CPU
		{412734E7-9B08-422D-89BC-651EEDA24215}.Debug|Any CPU.ActiveCfg = Debug|Any CPU
		{412734E7-9B08-422D-89BC-651EEDA24215}.Debug|Any CPU.Build.0 = Debug|Any CPU
		{412734E7-9B08-422D-89BC-651EEDA24215}.Release|Any CPU.ActiveCfg = Release|Any CPU
		{412734E7-9B08-422D-89BC-651EEDA24215}.Release|Any CPU.Build.0 = Release|Any CPU
		{74E558E9-0720-4AB4-8523-12AC9026360E}.Debug|Any CPU.ActiveCfg = Debug|Any CPU
		{74E558E9-0720-4AB4-8523-12AC9026360E}.Debug|Any CPU.Build.0 = Debug|Any CPU
		{74E558E9-0720-4AB4-8523-12AC9026360E}.Release|Any CPU.ActiveCfg = Release|Any CPU
		{74E558E9-0720-4AB4-8523-12AC9026360E}.Release|Any CPU.Build.0 = Release|Any CPU
		{228F795A-4638-46B3-976B-86472FE8A305}.Debug|Any CPU.ActiveCfg = Debug|Any CPU
		{228F795A-4638-46B3-976B-86472FE8A305}.Debug|Any CPU.Build.0 = Debug|Any CPU
		{228F795A-4638-46B3-976B-86472FE8A305}.Release|Any CPU.ActiveCfg = Release|Any CPU
		{228F795A-4638-46B3-976B-86472FE8A305}.Release|Any CPU.Build.0 = Release|Any CPU
	EndGlobalSection
	GlobalSection(SolutionProperties) = preSolution
		HideSolutionNode = FALSE
	EndGlobalSection
	GlobalSection(ExtensibilityGlobals) = postSolution
		SolutionGuid = {E3DEC38F-0C85-4CD6-A1C4-294C7977C514}
	EndGlobalSection
EndGlobal
